
Microsoft Visual Studio Solution File, Format Version 12.00
# Visual Studio 15
VisualStudioVersion = 15.0.28307.168
MinimumVisualStudioVersion = 10.0.40219.1
Project("{FAE04EC0-301F-11D3-BF4B-00C04F79EFBC}") = "Samples.Configuration.WithAppSettings", "Samples.Configuration.WithAppSettings\Samples.Configuration.WithAppSettings.csproj", "{F2C2E946-FE81-4AD3-918A-50086DFAA69E}"
EndProject
Global
	GlobalSection(SolutionConfigurationPlatforms) = preSolution
		Debug|Any CPU = Debug|Any CPU
		Release|Any CPU = Release|Any CPU
	EndGlobalSection
	GlobalSection(ProjectConfigurationPlatforms) = postSolution
		{F2C2E946-FE81-4AD3-918A-50086DFAA69E}.Debug|Any CPU.ActiveCfg = Debug|Any CPU
		{F2C2E946-FE81-4AD3-918A-50086DFAA69E}.Debug|Any CPU.Build.0 = Debug|Any CPU
		{F2C2E946-FE81-4AD3-918A-50086DFAA69E}.Release|Any CPU.ActiveCfg = Release|Any CPU
		{F2C2E946-FE81-4AD3-918A-50086DFAA69E}.Release|Any CPU.Build.0 = Release|Any CPU
	EndGlobalSection
	GlobalSection(SolutionProperties) = preSolution
		HideSolutionNode = FALSE
	EndGlobalSection
	GlobalSection(ExtensibilityGlobals) = postSolution
		SolutionGuid = {0EFC277F-0494-4AC7-A17F-09490F2C8E4D}
	EndGlobalSection
EndGlobal
